// !$*UTF8*$!
{
	archiveVersion = 1;
	classes = {
	};
	objectVersion = 46;
	objects = {

/* Begin PBXBuildFile section */
		00FFC6D15C2B34F026AD77C1 /* Foundation.framework in Frameworks */ = {isa = PBXBuildFile; fileRef = FCC0CEF3C146583E21A97384 /* Foundation.framework */; };
		25160EBB9F1406ECDF6AE8AB /* XCTest.framework in Frameworks */ = {isa = PBXBuildFile; fileRef = E415D701BF70D06A3928D243 /* XCTest.framework */; };
		28E775057BD24743B08FDEFD /* AppDelegate.swift in Sources */ = {isa = PBXBuildFile; fileRef = 2C5AEADC5B0F19F55D21B48C /* AppDelegate.swift */; };
		57C990B257A6298B0C948C49 /* CrossAppUITests.swift in Sources */ = {isa = PBXBuildFile; fileRef = 778C0D4E5625A2D4645EE1AE /* CrossAppUITests.swift */; };
		CD3A9F06488E5FD0DC85CB6F /* Foundation.framework in Frameworks */ = {isa = PBXBuildFile; fileRef = FCC0CEF3C146583E21A97384 /* Foundation.framework */; };
/* End PBXBuildFile section */

/* Begin PBXFileReference section */
		2C5AEADC5B0F19F55D21B48C /* AppDelegate.swift */ = {isa = PBXFileReference; includeInIndex = 1; lastKnownFileType = sourcecode.swift; path = AppDelegate.swift; sourceTree = "<group>"; };
		778C0D4E5625A2D4645EE1AE /* CrossAppUITests.swift */ = {isa = PBXFileReference; includeInIndex = 1; lastKnownFileType = sourcecode.swift; path = CrossAppUITests.swift; sourceTree = "<group>"; };
		7CFCCFF06D818302A9EA71A9 /* CrossAppUITestHost.app */ = {isa = PBXFileReference; explicitFileType = wrapper.application; includeInIndex = 0; path = CrossAppUITestHost.app; sourceTree = BUILT_PRODUCTS_DIR; };
		8C16CA99D171629FE29B7F32 /* Info.plist */ = {isa = PBXFileReference; includeInIndex = 1; lastKnownFileType = text.plist.xml; path = Info.plist; sourceTree = "<group>"; };
		D71532F3D72AD999A33F341C /* CrossAppUITests.xctest */ = {isa = PBXFileReference; explicitFileType = wrapper.cfbundle; includeInIndex = 0; path = CrossAppUITests.xctest; sourceTree = BUILT_PRODUCTS_DIR; };
		E415D701BF70D06A3928D243 /* XCTest.framework */ = {isa = PBXFileReference; lastKnownFileType = wrapper.framework; name = XCTest.framework; path = System/Library/Frameworks/XCTest.framework; sourceTree = "<group>"; };
		FCC0CEF3C146583E21A97384 /* Foundation.framework */ = {isa = PBXFileReference; lastKnownFileType = wrapper.framework; name = Foundation.framework; path = Platforms/iPhoneOS.platform/Developer/SDKs/iPhoneOS18.0.sdk/System/Library/Frameworks/Foundation.framework; sourceTree = DEVELOPER_DIR; };
/* End PBXFileReference section */

/* Begin PBXFrameworksBuildPhase section */
		797AB668AA0F3907F199902B /* Frameworks */ = {
			isa = PBXFrameworksBuildPhase;
			buildActionMask = 2147483647;
			files = (
				00FFC6D15C2B34F026AD77C1 /* Foundation.framework in Frameworks */,
				25160EBB9F1406ECDF6AE8AB /* XCTest.framework in Frameworks */,
			);
			runOnlyForDeploymentPostprocessing = 0;
		};
		D7E8F44EAD67092E699E74A1 /* Frameworks */ = {
			isa = PBXFrameworksBuildPhase;
			buildActionMask = 2147483647;
			files = (
				CD3A9F06488E5FD0DC85CB6F /* Foundation.framework in Frameworks */,
			);
			runOnlyForDeploymentPostprocessing = 0;
		};
/* End PBXFrameworksBuildPhase section */

/* Begin PBXGroup section */
		174602232B816E82C6D7A8E9 /* CrossAppUITests */ = {
			isa = PBXGroup;
			children = (
				778C0D4E5625A2D4645EE1AE /* CrossAppUITests.swift */,
			);
			name = CrossAppUITests;
			path = CrossAppUITests;
			sourceTree = "<group>";
		};
		4E7026E2D0BD03E413839CBA /* Products */ = {
			isa = PBXGroup;
			children = (
				7CFCCFF06D818302A9EA71A9 /* CrossAppUITestHost.app */,
				D71532F3D72AD999A33F341C /* CrossAppUITests.xctest */,
			);
			name = Products;
			sourceTree = "<group>";
		};
		55FD1E678BE3ABD2F85F205C = {
			isa = PBXGroup;
			children = (
				4E7026E2D0BD03E413839CBA /* Products */,
				5944F1FBF2641DD8D5FE4A10 /* Frameworks */,
				571D6AF76C7D351A37729F4E /* HostApp */,
				174602232B816E82C6D7A8E9 /* CrossAppUITests */,
			);
			sourceTree = "<group>";
		};
		571D6AF76C7D351A37729F4E /* HostApp */ = {
			isa = PBXGroup;
			children = (
				2C5AEADC5B0F19F55D21B48C /* AppDelegate.swift */,
				8C16CA99D171629FE29B7F32 /* Info.plist */,
			);
			name = HostApp;
			path = HostApp;
			sourceTree = "<group>";
		};
		5944F1FBF2641DD8D5FE4A10 /* Frameworks */ = {
			isa = PBXGroup;
			children = (
				D9E5F62DE47F8AB3F1D3A873 /* iOS */,
				E415D701BF70D06A3928D243 /* XCTest.framework */,
			);
			name = Frameworks;
			sourceTree = "<group>";
		};
		D9E5F62DE47F8AB3F1D3A873 /* iOS */ = {
			isa = PBXGroup;
			children = (
				FCC0CEF3C146583E21A97384 /* Foundation.framework */,
			);
			name = iOS;
			sourceTree = "<group>";
		};
/* End PBXGroup section */

/* Begin PBXNativeTarget section */
		4EAD9F15AC81411ED32BA81C /* CrossAppUITests */ = {
			isa = PBXNativeTarget;
			buildConfigurationList = 1A80B9415FCF299F3A0929A9 /* Build configuration list for PBXNativeTarget "CrossAppUITests" */;
			buildPhases = (
				8449BBDFFE9AC78F151B5A9E /* Sources */,
				797AB668AA0F3907F199902B /* Frameworks */,
				332933C38233705F2E6A6BB9 /* Resources */,
			);
			buildRules = (
			);
			dependencies = (
			);
			name = CrossAppUITests;
			productName = CrossAppUITests;
			productReference = D71532F3D72AD999A33F341C /* CrossAppUITests.xctest */;
			productType = "com.apple.product-type.bundle.ui-testing";
		};
		6115EDAC228FBDDE3A5E883A /* CrossAppUITestHost */ = {
			isa = PBXNativeTarget;
			buildConfigurationList = AC54437612F50FEF098D5CD5 /* Build configuration list for PBXNativeTarget "CrossAppUITestHost" */;
			buildPhases = (
				CE7EDD3750038FDC1C7CB408 /* Sources */,
				D7E8F44EAD67092E699E74A1 /* Frameworks */,
				E52037ED4BF7C444035BFFA1 /* Resources */,
			);
			buildRules = (
			);
			dependencies = (
			);
			name = CrossAppUITestHost;
			productName = CrossAppUITestHost;
			productReference = 7CFCCFF06D818302A9EA71A9 /* CrossAppUITestHost.app */;
			productType = "com.apple.product-type.application";
		};
/* End PBXNativeTarget section */

/* Begin PBXProject section */
		3E2F6CA82951CC1C3AB9B197 /* Project object */ = {
			isa = PBXProject;
			attributes = {
				LastSwiftUpdateCheck = 1600;
				LastUpgradeCheck = 2660;
				ORGANIZATIONNAME = Velock;
			};
			buildConfigurationList = 3990108513F02B830E25F6D8 /* Build configuration list for PBXProject "CrossAppUITests" */;
			compatibilityVersion = "Xcode 3.2";
			developmentRegion = en;
			hasScannedForEncodings = 0;
			knownRegions = (
				en,
				Base,
			);
			mainGroup = 55FD1E678BE3ABD2F85F205C;
			minimizedProjectReferenceProxies = 0;
			preferredProjectObjectVersion = 77;
			productRefGroup = 4E7026E2D0BD03E413839CBA /* Products */;
			projectDirPath = "";
			projectRoot = "";
			targets = (
				6115EDAC228FBDDE3A5E883A /* CrossAppUITestHost */,
				4EAD9F15AC81411ED32BA81C /* CrossAppUITests */,
			);
		};
/* End PBXProject section */

/* Begin PBXResourcesBuildPhase section */
		332933C38233705F2E6A6BB9 /* Resources */ = {
			isa = PBXResourcesBuildPhase;
			buildActionMask = 2147483647;
			files = (
			);
			runOnlyForDeploymentPostprocessing = 0;
		};
		E52037ED4BF7C444035BFFA1 /* Resources */ = {
			isa = PBXResourcesBuildPhase;
			buildActionMask = 2147483647;
			files = (
			);
			runOnlyForDeploymentPostprocessing = 0;
		};
/* End PBXResourcesBuildPhase section */

/* Begin PBXSourcesBuildPhase section */
		8449BBDFFE9AC78F151B5A9E /* Sources */ = {
			isa = PBXSourcesBuildPhase;
			buildActionMask = 2147483647;
			files = (
				57C990B257A6298B0C948C49 /* CrossAppUITests.swift in Sources */,
			);
			runOnlyForDeploymentPostprocessing = 0;
		};
		CE7EDD3750038FDC1C7CB408 /* Sources */ = {
			isa = PBXSourcesBuildPhase;
			buildActionMask = 2147483647;
			files = (
				28E775057BD24743B08FDEFD /* AppDelegate.swift in Sources */,
			);
			runOnlyForDeploymentPostprocessing = 0;
		};
/* End PBXSourcesBuildPhase section */

/* Begin XCBuildConfiguration section */
		38F3DE0B2657C39048389C54 /* Release */ = {
			isa = XCBuildConfiguration;
			buildSettings = {
				ALWAYS_SEARCH_USER_PATHS = NO;
				CLANG_ANALYZER_NONNULL = YES;
				CLANG_ANALYZER_NUMBER_OBJECT_CONVERSION = YES_AGGRESSIVE;
				CLANG_CXX_LANGUAGE_STANDARD = "gnu++14";
				CLANG_CXX_LIBRARY = "libc++";
				CLANG_ENABLE_MODULES = YES;
				CLANG_ENABLE_OBJC_ARC = YES;
				CLANG_ENABLE_OBJC_WEAK = YES;
				CLANG_WARN_BLOCK_CAPTURE_AUTORELEASING = YES;
				CLANG_WARN_BOOL_CONVERSION = YES;
				CLANG_WARN_COMMA = YES;
				CLANG_WARN_CONSTANT_CONVERSION = YES;
				CLANG_WARN_DEPRECATED_OBJC_IMPLEMENTATIONS = YES;
				CLANG_WARN_DIRECT_OBJC_ISA_USAGE = YES_ERROR;
				CLANG_WARN_DOCUMENTATION_COMMENTS = YES;
				CLANG_WARN_EMPTY_BODY = YES;
				CLANG_WARN_ENUM_CONVERSION = YES;
				CLANG_WARN_INFINITE_RECURSION = YES;
				CLANG_WARN_INT_CONVERSION = YES;
				CLANG_WARN_NON_LITERAL_NULL_CONVERSION = YES;
				CLANG_WARN_OBJC_IMPLICIT_RETAIN_SELF = YES;
				CLANG_WARN_OBJC_LITERAL_CONVERSION = YES;
				CLANG_WARN_OBJC_ROOT_CLASS = YES_ERROR;
				CLANG_WARN_QUOTED_INCLUDE_IN_FRAMEWORK_HEADER = YES;
				CLANG_WARN_RANGE_LOOP_ANALYSIS = YES;
				CLANG_WARN_STRICT_PROTOTYPES = YES;
				CLANG_WARN_SUSPICIOUS_MOVE = YES;
				CLANG_WARN_UNGUARDED_AVAILABILITY = YES_AGGRESSIVE;
				CLANG_WARN_UNREACHABLE_CODE = YES;
				CLANG_WARN__DUPLICATE_METHOD_MATCH = YES;
				COPY_PHASE_STRIP = NO;
				DEBUG_INFORMATION_FORMAT = "dwarf-with-dsym";
				ENABLE_NS_ASSERTIONS = NO;
				ENABLE_STRICT_OBJC_MSGSEND = YES;
				GCC_C_LANGUAGE_STANDARD = gnu11;
				GCC_NO_COMMON_BLOCKS = YES;
				GCC_WARN_64_TO_32_BIT_CONVERSION = YES;
				GCC_WARN_ABOUT_RETURN_TYPE = YES_ERROR;
				GCC_WARN_UNDECLARED_SELECTOR = YES;
				GCC_WARN_UNINITIALIZED_AUTOS = YES_AGGRESSIVE;
				GCC_WARN_UNUSED_FUNCTION = YES;
				GCC_WARN_UNUSED_VARIABLE = YES;
				MTL_ENABLE_DEBUG_INFO = NO;
				MTL_FAST_MATH = YES;
				PRODUCT_NAME = "$(TARGET_NAME)";
				SWIFT_COMPILATION_MODE = wholemodule;
				SWIFT_OPTIMIZATION_LEVEL = "-O";
				SWIFT_VERSION = 5.0;
			};
			name = Release;
		};
		8989D9C0DBDB3C3E0AA69E3A /* Debug */ = {
			isa = XCBuildConfiguration;
			buildSettings = {
				CLANG_ENABLE_OBJC_WEAK = NO;
				CODE_SIGNING_ALLOWED = NO;
				CODE_SIGNING_REQUIRED = NO;
				GENERATE_INFOPLIST_FILE = YES;
				INFOPLIST_FILE = "";
				IPHONEOS_DEPLOYMENT_TARGET = 16.4;
				PRODUCT_BUNDLE_IDENTIFIER = tech.windata.velock.crossapp.uitests;
				SDKROOT = iphoneos;
				SUPPORTED_PLATFORMS = "iphoneos iphonesimulator";
				SWIFT_VERSION = 5.0;
				TARGETED_DEVICE_FAMILY = "1,2";
			};
			name = Debug;
		};
		8B2C1C3833BCF474E3DD4311 /* Debug */ = {
			isa = XCBuildConfiguration;
			buildSettings = {
				ALWAYS_SEARCH_USER_PATHS = NO;
				CLANG_ANALYZER_NONNULL = YES;
				CLANG_ANALYZER_NUMBER_OBJECT_CONVERSION = YES_AGGRESSIVE;
				CLANG_CXX_LANGUAGE_STANDARD = "gnu++14";
				CLANG_CXX_LIBRARY = "libc++";
				CLANG_ENABLE_MODULES = YES;
				CLANG_ENABLE_OBJC_ARC = YES;
				CLANG_ENABLE_OBJC_WEAK = YES;
				CLANG_WARN_BLOCK_CAPTURE_AUTORELEASING = YES;
				CLANG_WARN_BOOL_CONVERSION = YES;
				CLANG_WARN_COMMA = YES;
				CLANG_WARN_CONSTANT_CONVERSION = YES;
				CLANG_WARN_DEPRECATED_OBJC_IMPLEMENTATIONS = YES;
				CLANG_WARN_DIRECT_OBJC_ISA_USAGE = YES_ERROR;
				CLANG_WARN_DOCUMENTATION_COMMENTS = YES;
				CLANG_WARN_EMPTY_BODY = YES;
				CLANG_WARN_ENUM_CONVERSION = YES;
				CLANG_WARN_INFINITE_RECURSION = YES;
				CLANG_WARN_INT_CONVERSION = YES;
				CLANG_WARN_NON_LITERAL_NULL_CONVERSION = YES;
				CLANG_WARN_OBJC_IMPLICIT_RETAIN_SELF = YES;
				CLANG_WARN_OBJC_LITERAL_CONVERSION = YES;
				CLANG_WARN_OBJC_ROOT_CLASS = YES_ERROR;
				CLANG_WARN_QUOTED_INCLUDE_IN_FRAMEWORK_HEADER = YES;
				CLANG_WARN_RANGE_LOOP_ANALYSIS = YES;
				CLANG_WARN_STRICT_PROTOTYPES = YES;
				CLANG_WARN_SUSPICIOUS_MOVE = YES;
				CLANG_WARN_UNGUARDED_AVAILABILITY = YES_AGGRESSIVE;
				CLANG_WARN_UNREACHABLE_CODE = YES;
				CLANG_WARN__DUPLICATE_METHOD_MATCH = YES;
				COPY_PHASE_STRIP = NO;
				DEBUG_INFORMATION_FORMAT = dwarf;
				ENABLE_STRICT_OBJC_MSGSEND = YES;
				ENABLE_TESTABILITY = YES;
				GCC_C_LANGUAGE_STANDARD = gnu11;
				GCC_DYNAMIC_NO_PIC = NO;
				GCC_NO_COMMON_BLOCKS = YES;
				GCC_OPTIMIZATION_LEVEL = 0;
				GCC_PREPROCESSOR_DEFINITIONS = (
					"DEBUG=1",
					"$(inherited)",
				);
				GCC_WARN_64_TO_32_BIT_CONVERSION = YES;
				GCC_WARN_ABOUT_RETURN_TYPE = YES_ERROR;
				GCC_WARN_UNDECLARED_SELECTOR = YES;
				GCC_WARN_UNINITIALIZED_AUTOS = YES_AGGRESSIVE;
				GCC_WARN_UNUSED_FUNCTION = YES;
				GCC_WARN_UNUSED_VARIABLE = YES;
				MTL_ENABLE_DEBUG_INFO = INCLUDE_SOURCE;
				MTL_FAST_MATH = YES;
				ONLY_ACTIVE_ARCH = YES;
				PRODUCT_NAME = "$(TARGET_NAME)";
				SWIFT_ACTIVE_COMPILATION_CONDITIONS = DEBUG;
				SWIFT_OPTIMIZATION_LEVEL = "-Onone";
				SWIFT_VERSION = 5.0;
			};
			name = Debug;
		};
		A84C4FA32E2EAAA02DB1F8BF /* Debug */ = {
			isa = XCBuildConfiguration;
			buildSettings = {
				ASSETCATALOG_COMPILER_APPICON_NAME = "";
				ASSETCATALOG_COMPILER_GLOBAL_ACCENT_COLOR_NAME = AccentColor;
				CLANG_ENABLE_OBJC_WEAK = NO;
				CODE_SIGNING_ALLOWED = NO;
				CODE_SIGNING_REQUIRED = NO;
				GENERATE_INFOPLIST_FILE = NO;
				INFOPLIST_FILE = HostApp/Info.plist;
				IPHONEOS_DEPLOYMENT_TARGET = 16.4;
				LD_RUNPATH_SEARCH_PATHS = "$(inherited) @executable_path/Frameworks";
				PRODUCT_BUNDLE_IDENTIFIER = tech.windata.velock.crossapp.uitest.host;
				SDKROOT = iphoneos;
				SUPPORTED_PLATFORMS = "iphoneos iphonesimulator";
				SWIFT_VERSION = 5.0;
				TARGETED_DEVICE_FAMILY = "1,2";
			};
			name = Debug;
		};
		C7F52C5782C5ED57091BA115 /* Release */ = {
			isa = XCBuildConfiguration;
			buildSettings = {
				CLANG_ENABLE_OBJC_WEAK = NO;
				CODE_SIGNING_ALLOWED = NO;
				CODE_SIGNING_REQUIRED = NO;
				GENERATE_INFOPLIST_FILE = YES;
				INFOPLIST_FILE = "";
				IPHONEOS_DEPLOYMENT_TARGET = 16.4;
				PRODUCT_BUNDLE_IDENTIFIER = tech.windata.velock.crossapp.uitests;
				SDKROOT = iphoneos;
				SUPPORTED_PLATFORMS = "iphoneos iphonesimulator";
				SWIFT_VERSION = 5.0;
				TARGETED_DEVICE_FAMILY = "1,2";
				VALIDATE_PRODUCT = YES;
			};
			name = Release;
		};
		D33E187B9A487B6A52B3789C /* Release */ = {
			isa = XCBuildConfiguration;
			buildSettings = {
				ASSETCATALOG_COMPILER_APPICON_NAME = "";
				ASSETCATALOG_COMPILER_GLOBAL_ACCENT_COLOR_NAME = AccentColor;
				CLANG_ENABLE_OBJC_WEAK = NO;
				CODE_SIGNING_ALLOWED = NO;
				CODE_SIGNING_REQUIRED = NO;
				GENERATE_INFOPLIST_FILE = NO;
				INFOPLIST_FILE = HostApp/Info.plist;
				IPHONEOS_DEPLOYMENT_TARGET = 16.4;
				LD_RUNPATH_SEARCH_PATHS = "$(inherited) @executable_path/Frameworks";
				PRODUCT_BUNDLE_IDENTIFIER = tech.windata.velock.crossapp.uitest.host;
				SDKROOT = iphoneos;
				SUPPORTED_PLATFORMS = "iphoneos iphonesimulator";
				SWIFT_VERSION = 5.0;
				TARGETED_DEVICE_FAMILY = "1,2";
				VALIDATE_PRODUCT = YES;
			};
			name = Release;
		};
/* End XCBuildConfiguration section */

/* Begin XCConfigurationList section */
		1A80B9415FCF299F3A0929A9 /* Build configuration list for PBXNativeTarget "CrossAppUITests" */ = {
			isa = XCConfigurationList;
			buildConfigurations = (
				C7F52C5782C5ED57091BA115 /* Release */,
				8989D9C0DBDB3C3E0AA69E3A /* Debug */,
			);
			defaultConfigurationIsVisible = 0;
			defaultConfigurationName = Release;
		};
		3990108513F02B830E25F6D8 /* Build configuration list for PBXProject "CrossAppUITests" */ = {
			isa = XCConfigurationList;
			buildConfigurations = (
				8B2C1C3833BCF474E3DD4311 /* Debug */,
				38F3DE0B2657C39048389C54 /* Release */,
			);
			defaultConfigurationIsVisible = 0;
			defaultConfigurationName = Release;
		};
		AC54437612F50FEF098D5CD5 /* Build configuration list for PBXNativeTarget "CrossAppUITestHost" */ = {
			isa = XCConfigurationList;
			buildConfigurations = (
				D33E187B9A487B6A52B3789C /* Release */,
				A84C4FA32E2EAAA02DB1F8BF /* Debug */,
			);
			defaultConfigurationIsVisible = 0;
			defaultConfigurationName = Release;
		};
/* End XCConfigurationList section */
	};
	rootObject = 3E2F6CA82951CC1C3AB9B197 /* Project object */;
}
